// !$*UTF8*$!
{
	archiveVersion = 1;
	classes = {
	};
	objectVersion = 55;
	objects = {

/* Begin PBXBuildFile section */
		D9F62DEC2849342B00F2732D /* AppDelegate.swift in Sources */ = {isa = PBXBuildFile; fileRef = D9F62DEB2849342B00F2732D /* AppDelegate.swift */; };
		D9F62DEE2849342B00F2732D /* SceneDelegate.swift in Sources */ = {isa = PBXBuildFile; fileRef = D9F62DED2849342B00F2732D /* SceneDelegate.swift */; };
		D9F62DF32849342B00F2732D /* Main.storyboard in Resources */ = {isa = PBXBuildFile; fileRef = D9F62DF12849342B00F2732D /* Main.storyboard */; };
		D9F62DF52849342D00F2732D /* Assets.xcassets in Resources */ = {isa = PBXBuildFile; fileRef = D9F62DF42849342D00F2732D /* Assets.xcassets */; };
		D9F62DF82849342D00F2732D /* LaunchScreen.storyboard in Resources */ = {isa = PBXBuildFile; fileRef = D9F62DF62849342D00F2732D /* LaunchScreen.storyboard */; };
		D9F62E0128493B3100F2732D /* TodayViewController.swift in Sources */ = {isa = PBXBuildFile; fileRef = D9F62E0028493B3100F2732D /* TodayViewController.swift */; };
		D9F62E0328493B6A00F2732D /* GamesViewController.swift in Sources */ = {isa = PBXBuildFile; fileRef = D9F62E0228493B6A00F2732D /* GamesViewController.swift */; };
		D9F62E0528493B8400F2732D /* AppsViewController.swift in Sources */ = {isa = PBXBuildFile; fileRef = D9F62E0428493B8400F2732D /* AppsViewController.swift */; };
		D9F62E0C2849C59400F2732D /* TodayView.swift in Sources */ = {isa = PBXBuildFile; fileRef = D9F62E0B2849C59400F2732D /* TodayView.swift */; };
		D9F62E142849E60200F2732D /* TableViewCellType1.swift in Sources */ = {isa = PBXBuildFile; fileRef = D9F62E122849E60200F2732D /* TableViewCellType1.swift */; };
		D9F62E182849E61400F2732D /* TableViewCellType2.swift in Sources */ = {isa = PBXBuildFile; fileRef = D9F62E162849E61400F2732D /* TableViewCellType2.swift */; };
		D9F62E1C2849EAB800F2732D /* Today.swift in Sources */ = {isa = PBXBuildFile; fileRef = D9F62E1B2849EAB800F2732D /* Today.swift */; };
		D9F62E1E284A271400F2732D /* GameView.swift in Sources */ = {isa = PBXBuildFile; fileRef = D9F62E1D284A271400F2732D /* GameView.swift */; };
/* End PBXBuildFile section */

/* Begin PBXFileReference section */
		D9F62DE82849342B00F2732D /* GameApp.app */ = {isa = PBXFileReference; explicitFileType = wrapper.application; includeInIndex = 0; path = GameApp.app; sourceTree = BUILT_PRODUCTS_DIR; };
		D9F62DEB2849342B00F2732D /* AppDelegate.swift */ = {isa = PBXFileReference; lastKnownFileType = sourcecode.swift; path = AppDelegate.swift; sourceTree = "<group>"; };
		D9F62DED2849342B00F2732D /* SceneDelegate.swift */ = {isa = PBXFileReference; lastKnownFileType = sourcecode.swift; path = SceneDelegate.swift; sourceTree = "<group>"; };
		D9F62DF22849342B00F2732D /* Base */ = {isa = PBXFileReference; lastKnownFileType = file.storyboard; name = Base; path = Base.lproj/Main.storyboard; sourceTree = "<group>"; };
		D9F62DF42849342D00F2732D /* Assets.xcassets */ = {isa = PBXFileReference; lastKnownFileType = folder.assetcatalog; path = Assets.xcassets; sourceTree = "<group>"; };
		D9F62DF72849342D00F2732D /* Base */ = {isa = PBXFileReference; lastKnownFileType = file.storyboard; name = Base; path = Base.lproj/LaunchScreen.storyboard; sourceTree = "<group>"; };
		D9F62DF92849342D00F2732D /* Info.plist */ = {isa = PBXFileReference; lastKnownFileType = text.plist.xml; path = Info.plist; sourceTree = "<group>"; };
		D9F62E0028493B3100F2732D /* TodayViewController.swift */ = {isa = PBXFileReference; lastKnownFileType = sourcecode.swift; path = TodayViewController.swift; sourceTree = "<group>"; };
		D9F62E0228493B6A00F2732D /* GamesViewController.swift */ = {isa = PBXFileReference; lastKnownFileType = sourcecode.swift; path = GamesViewController.swift; sourceTree = "<group>"; };
		D9F62E0428493B8400F2732D /* AppsViewController.swift */ = {isa = PBXFileReference; lastKnownFileType = sourcecode.swift; path = AppsViewController.swift; sourceTree = "<group>"; };
		D9F62E0B2849C59400F2732D /* TodayView.swift */ = {isa = PBXFileReference; lastKnownFileType = sourcecode.swift; path = TodayView.swift; sourceTree = "<group>"; };
		D9F62E122849E60200F2732D /* TableViewCellType1.swift */ = {isa = PBXFileReference; lastKnownFileType = sourcecode.swift; path = TableViewCellType1.swift; sourceTree = "<group>"; };
		D9F62E162849E61400F2732D /* TableViewCellType2.swift */ = {isa = PBXFileReference; lastKnownFileType = sourcecode.swift; path = TableViewCellType2.swift; sourceTree = "<group>"; };
		D9F62E1B2849EAB800F2732D /* Today.swift */ = {isa = PBXFileReference; lastKnownFileType = sourcecode.swift; path = Today.swift; sourceTree = "<group>"; };
		D9F62E1D284A271400F2732D /* GameView.swift */ = {isa = PBXFileReference; lastKnownFileType = sourcecode.swift; path = GameView.swift; sourceTree = "<group>"; };
/* End PBXFileReference section */

/* Begin PBXFrameworksBuildPhase section */
		D9F62DE52849342B00F2732D /* Frameworks */ = {
			isa = PBXFrameworksBuildPhase;
			buildActionMask = 2147483647;
			files = (
			);
			runOnlyForDeploymentPostprocessing = 0;
		};
/* End PBXFrameworksBuildPhase section */

/* Begin PBXGroup section */
		D9F62DDF2849342B00F2732D = {
			isa = PBXGroup;
			children = (
				D9F62DEA2849342B00F2732D /* GameApp */,
				D9F62DE92849342B00F2732D /* Products */,
			);
			sourceTree = "<group>";
		};
		D9F62DE92849342B00F2732D /* Products */ = {
			isa = PBXGroup;
			children = (
				D9F62DE82849342B00F2732D /* GameApp.app */,
			);
			name = Products;
			sourceTree = "<group>";
		};
		D9F62DEA2849342B00F2732D /* GameApp */ = {
			isa = PBXGroup;
			children = (
				D9F62E1A2849EAAB00F2732D /* Models */,
				D9F62E0D2849E4A700F2732D /* CustomCells */,
				D9F62E0A2849C57600F2732D /* Views */,
				D9F62DFF28493B0200F2732D /* Controllers */,
				D9F62DEB2849342B00F2732D /* AppDelegate.swift */,
				D9F62DED2849342B00F2732D /* SceneDelegate.swift */,
				D9F62DF12849342B00F2732D /* Main.storyboard */,
				D9F62DF42849342D00F2732D /* Assets.xcassets */,
				D9F62DF62849342D00F2732D /* LaunchScreen.storyboard */,
				D9F62DF92849342D00F2732D /* Info.plist */,
			);
			path = GameApp;
			sourceTree = "<group>";
		};
		D9F62DFF28493B0200F2732D /* Controllers */ = {
			isa = PBXGroup;
			children = (
				D9F62E0028493B3100F2732D /* TodayViewController.swift */,
				D9F62E0228493B6A00F2732D /* GamesViewController.swift */,
				D9F62E0428493B8400F2732D /* AppsViewController.swift */,
			);
			path = Controllers;
			sourceTree = "<group>";
		};
		D9F62E0A2849C57600F2732D /* Views */ = {
			isa = PBXGroup;
			children = (
				D9F62E0B2849C59400F2732D /* TodayView.swift */,
				D9F62E1D284A271400F2732D /* GameView.swift */,
			);
			path = Views;
			sourceTree = "<group>";
		};
		D9F62E0D2849E4A700F2732D /* CustomCells */ = {
			isa = PBXGroup;
			children = (
				D9F62E122849E60200F2732D /* TableViewCellType1.swift */,
				D9F62E162849E61400F2732D /* TableViewCellType2.swift */,
			);
			path = CustomCells;
			sourceTree = "<group>";
		};
		D9F62E1A2849EAAB00F2732D /* Models */ = {
			isa = PBXGroup;
			children = (
				D9F62E1B2849EAB800F2732D /* Today.swift */,
			);
			path = Models;
			sourceTree = "<group>";
		};
/* End PBXGroup section */

/* Begin PBXNativeTarget section */
		D9F62DE72849342B00F2732D /* GameApp */ = {
			isa = PBXNativeTarget;
			buildConfigurationList = D9F62DFC2849342D00F2732D /* Build configuration list for PBXNativeTarget "GameApp" */;
			buildPhases = (
				D9F62DE42849342B00F2732D /* Sources */,
				D9F62DE52849342B00F2732D /* Frameworks */,
				D9F62DE62849342B00F2732D /* Resources */,
			);
			buildRules = (
			);
			dependencies = (
			);
			name = GameApp;
			productName = GameApp;
			productReference = D9F62DE82849342B00F2732D /* GameApp.app */;
			productType = "com.apple.product-type.application";
		};
/* End PBXNativeTarget section */

/* Begin PBXProject section */
		D9F62DE02849342B00F2732D /* Project object */ = {
			isa = PBXProject;
			attributes = {
				BuildIndependentTargetsInParallel = 1;
				LastSwiftUpdateCheck = 1330;
				LastUpgradeCheck = 1330;
				TargetAttributes = {
					D9F62DE72849342B00F2732D = {
						CreatedOnToolsVersion = 13.3.1;
					};
				};
			};
			buildConfigurationList = D9F62DE32849342B00F2732D /* Build configuration list for PBXProject "GameApp" */;
			compatibilityVersion = "Xcode 13.0";
			developmentRegion = en;
			hasScannedForEncodings = 0;
			knownRegions = (
				en,
				Base,
			);
			mainGroup = D9F62DDF2849342B00F2732D;
			productRefGroup = D9F62DE92849342B00F2732D /* Products */;
			projectDirPath = "";
			projectRoot = "";
			targets = (
				D9F62DE72849342B00F2732D /* GameApp */,
			);
		};
/* End PBXProject section */

/* Begin PBXResourcesBuildPhase section */
		D9F62DE62849342B00F2732D /* Resources */ = {
			isa = PBXResourcesBuildPhase;
			buildActionMask = 2147483647;
			files = (
				D9F62DF82849342D00F2732D /* LaunchScreen.storyboard in Resources */,
				D9F62DF52849342D00F2732D /* Assets.xcassets in Resources */,
				D9F62DF32849342B00F2732D /* Main.storyboard in Resources */,
			);
			runOnlyForDeploymentPostprocessing = 0;
		};
/* End PBXResourcesBuildPhase section */

/* Begin PBXSourcesBuildPhase section */
		D9F62DE42849342B00F2732D /* Sources */ = {
			isa = PBXSourcesBuildPhase;
			buildActionMask = 2147483647;
			files = (
				D9F62DEC2849342B00F2732D /* AppDelegate.swift in Sources */,
				D9F62E0528493B8400F2732D /* AppsViewController.swift in Sources */,
				D9F62E182849E61400F2732D /* TableViewCellType2.swift in Sources */,
				D9F62E0C2849C59400F2732D /* TodayView.swift in Sources */,
				D9F62E1E284A271400F2732D /* GameView.swift in Sources */,
				D9F62E1C2849EAB800F2732D /* Today.swift in Sources */,
				D9F62DEE2849342B00F2732D /* SceneDelegate.swift in Sources */,
				D9F62E0128493B3100F2732D /* TodayViewController.swift in Sources */,
				D9F62E0328493B6A00F2732D /* GamesViewController.swift in Sources */,
				D9F62E142849E60200F2732D /* TableViewCellType1.swift in Sources */,
			);
			runOnlyForDeploymentPostprocessing = 0;
		};
/* End PBXSourcesBuildPhase section */

/* Begin PBXVariantGroup section */
		D9F62DF12849342B00F2732D /* Main.storyboard */ = {
			isa = PBXVariantGroup;
			children = (
				D9F62DF22849342B00F2732D /* Base */,
			);
			name = Main.storyboard;
			sourceTree = "<group>";
		};
		D9F62DF62849342D00F2732D /* LaunchScreen.storyboard */ = {
			isa = PBXVariantGroup;
			children = (
				D9F62DF72849342D00F2732D /* Base */,
			);
			name = LaunchScreen.storyboard;
			sourceTree = "<group>";
		};
/* End PBXVariantGroup section */

/* Begin XCBuildConfiguration section */
		D9F62DFA2849342D00F2732D /* Debug */ = {
			isa = XCBuildConfiguration;
			buildSettings = {
				ALWAYS_SEARCH_USER_PATHS = NO;
				CLANG_ANALYZER_NONNULL = YES;
				CLANG_ANALYZER_NUMBER_OBJECT_CONVERSION = YES_AGGRESSIVE;
				CLANG_CXX_LANGUAGE_STANDARD = "gnu++17";
				CLANG_ENABLE_MODULES = YES;
				CLANG_ENABLE_OBJC_ARC = YES;
				CLANG_ENABLE_OBJC_WEAK = YES;
				CLANG_WARN_BLOCK_CAPTURE_AUTORELEASING = YES;
				CLANG_WARN_BOOL_CONVERSION = YES;
				CLANG_WARN_COMMA = YES;
				CLANG_WARN_CONSTANT_CONVERSION = YES;
				CLANG_WARN_DEPRECATED_OBJC_IMPLEMENTATIONS = YES;
				CLANG_WARN_DIRECT_OBJC_ISA_USAGE = YES_ERROR;
				CLANG_WARN_DOCUMENTATION_COMMENTS = YES;
				CLANG_WARN_EMPTY_BODY = YES;
				CLANG_WARN_ENUM_CONVERSION = YES;
				CLANG_WARN_INFINITE_RECURSION = YES;
				CLANG_WARN_INT_CONVERSION = YES;
				CLANG_WARN_NON_LITERAL_NULL_CONVERSION = YES;
				CLANG_WARN_OBJC_IMPLICIT_RETAIN_SELF = YES;
				CLANG_WARN_OBJC_LITERAL_CONVERSION = YES;
				CLANG_WARN_OBJC_ROOT_CLASS = YES_ERROR;
				CLANG_WARN_QUOTED_INCLUDE_IN_FRAMEWORK_HEADER = YES;
				CLANG_WARN_RANGE_LOOP_ANALYSIS = YES;
				CLANG_WARN_STRICT_PROTOTYPES = YES;
				CLANG_WARN_SUSPICIOUS_MOVE = YES;
				CLANG_WARN_UNGUARDED_AVAILABILITY = YES_AGGRESSIVE;
				CLANG_WARN_UNREACHABLE_CODE = YES;
				CLANG_WARN__DUPLICATE_METHOD_MATCH = YES;
				COPY_PHASE_STRIP = NO;
				DEBUG_INFORMATION_FORMAT = dwarf;
				ENABLE_STRICT_OBJC_MSGSEND = YES;
				ENABLE_TESTABILITY = YES;
				GCC_C_LANGUAGE_STANDARD = gnu11;
				GCC_DYNAMIC_NO_PIC = NO;
				GCC_NO_COMMON_BLOCKS = YES;
				GCC_OPTIMIZATION_LEVEL = 0;
				GCC_PREPROCESSOR_DEFINITIONS = (
					"DEBUG=1",
					"$(inherited)",
				);
				GCC_WARN_64_TO_32_BIT_CONVERSION = YES;
				GCC_WARN_ABOUT_RETURN_TYPE = YES_ERROR;
				GCC_WARN_UNDECLARED_SELECTOR = YES;
				GCC_WARN_UNINITIALIZED_AUTOS = YES_AGGRESSIVE;
				GCC_WARN_UNUSED_FUNCTION = YES;
				GCC_WARN_UNUSED_VARIABLE = YES;
				IPHONEOS_DEPLOYMENT_TARGET = 15.4;
				MTL_ENABLE_DEBUG_INFO = INCLUDE_SOURCE;
				MTL_FAST_MATH = YES;
				ONLY_ACTIVE_ARCH = YES;
				SDKROOT = iphoneos;
				SWIFT_ACTIVE_COMPILATION_CONDITIONS = DEBUG;
				SWIFT_OPTIMIZATION_LEVEL = "-Onone";
			};
			name = Debug;
		};
		D9F62DFB2849342D00F2732D /* Release */ = {
			isa = XCBuildConfiguration;
			buildSettings = {
				ALWAYS_SEARCH_USER_PATHS = NO;
				CLANG_ANALYZER_NONNULL = YES;
				CLANG_ANALYZER_NUMBER_OBJECT_CONVERSION = YES_AGGRESSIVE;
				CLANG_CXX_LANGUAGE_STANDARD = "gnu++17";
				CLANG_ENABLE_MODULES = YES;
				CLANG_ENABLE_OBJC_ARC = YES;
				CLANG_ENABLE_OBJC_WEAK = YES;
				CLANG_WARN_BLOCK_CAPTURE_AUTORELEASING = YES;
				CLANG_WARN_BOOL_CONVERSION = YES;
				CLANG_WARN_COMMA = YES;
				CLANG_WARN_CONSTANT_CONVERSION = YES;
				CLANG_WARN_DEPRECATED_OBJC_IMPLEMENTATIONS = YES;
				CLANG_WARN_DIRECT_OBJC_ISA_USAGE = YES_ERROR;
				CLANG_WARN_DOCUMENTATION_COMMENTS = YES;
				CLANG_WARN_EMPTY_BODY = YES;
				CLANG_WARN_ENUM_CONVERSION = YES;
				CLANG_WARN_INFINITE_RECURSION = YES;
				CLANG_WARN_INT_CONVERSION = YES;
				CLANG_WARN_NON_LITERAL_NULL_CONVERSION = YES;
				CLANG_WARN_OBJC_IMPLICIT_RETAIN_SELF = YES;
				CLANG_WARN_OBJC_LITERAL_CONVERSION = YES;
				CLANG_WARN_OBJC_ROOT_CLASS = YES_ERROR;
				CLANG_WARN_QUOTED_INCLUDE_IN_FRAMEWORK_HEADER = YES;
				CLANG_WARN_RANGE_LOOP_ANALYSIS = YES;
				CLANG_WARN_STRICT_PROTOTYPES = YES;
				CLANG_WARN_SUSPICIOUS_MOVE = YES;
				CLANG_WARN_UNGUARDED_AVAILABILITY = YES_AGGRESSIVE;
				CLANG_WARN_UNREACHABLE_CODE = YES;
				CLANG_WARN__DUPLICATE_METHOD_MATCH = YES;
				COPY_PHASE_STRIP = NO;
				DEBUG_INFORMATION_FORMAT = "dwarf-with-dsym";
				ENABLE_NS_ASSERTIONS = NO;
				ENABLE_STRICT_OBJC_MSGSEND = YES;
				GCC_C_LANGUAGE_STANDARD = gnu11;
				GCC_NO_COMMON_BLOCKS = YES;
				GCC_WARN_64_TO_32_BIT_CONVERSION = YES;
				GCC_WARN_ABOUT_RETURN_TYPE = YES_ERROR;
				GCC_WARN_UNDECLARED_SELECTOR = YES;
				GCC_WARN_UNINITIALIZED_AUTOS = YES_AGGRESSIVE;
				GCC_WARN_UNUSED_FUNCTION = YES;
				GCC_WARN_UNUSED_VARIABLE = YES;
				IPHONEOS_DEPLOYMENT_TARGET = 15.4;
				MTL_ENABLE_DEBUG_INFO = NO;
				MTL_FAST_MATH = YES;
				SDKROOT = iphoneos;
				SWIFT_COMPILATION_MODE = wholemodule;
				SWIFT_OPTIMIZATION_LEVEL = "-O";
				VALIDATE_PRODUCT = YES;
			};
			name = Release;
		};
		D9F62DFD2849342D00F2732D /* Debug */ = {
			isa = XCBuildConfiguration;
			buildSettings = {
				ASSETCATALOG_COMPILER_APPICON_NAME = AppIcon;
				ASSETCATALOG_COMPILER_GLOBAL_ACCENT_COLOR_NAME = AccentColor;
				CODE_SIGN_STYLE = Automatic;
				CURRENT_PROJECT_VERSION = 1;
				GENERATE_INFOPLIST_FILE = YES;
				INFOPLIST_FILE = GameApp/Info.plist;
				INFOPLIST_KEY_UIApplicationSupportsIndirectInputEvents = YES;
				INFOPLIST_KEY_UILaunchStoryboardName = LaunchScreen;
				INFOPLIST_KEY_UIMainStoryboardFile = Main;
				INFOPLIST_KEY_UISupportedInterfaceOrientations_iPad = "UIInterfaceOrientationPortrait UIInterfaceOrientationPortraitUpsideDown UIInterfaceOrientationLandscapeLeft UIInterfaceOrientationLandscapeRight";
				INFOPLIST_KEY_UISupportedInterfaceOrientations_iPhone = "UIInterfaceOrientationPortrait UIInterfaceOrientationLandscapeLeft UIInterfaceOrientationLandscapeRight";
				LD_RUNPATH_SEARCH_PATHS = (
					"$(inherited)",
					"@executable_path/Frameworks",
				);
				MARKETING_VERSION = 1.0;
				PRODUCT_BUNDLE_IDENTIFIER = com.brainx.GameApp;
				PRODUCT_NAME = "$(TARGET_NAME)";
				SWIFT_EMIT_LOC_STRINGS = YES;
				SWIFT_VERSION = 5.0;
				TARGETED_DEVICE_FAMILY = "1,2";
			};
			name = Debug;
		};
		D9F62DFE2849342D00F2732D /* Release */ = {
			isa = XCBuildConfiguration;
			buildSettings = {
				ASSETCATALOG_COMPILER_APPICON_NAME = AppIcon;
				ASSETCATALOG_COMPILER_GLOBAL_ACCENT_COLOR_NAME = AccentColor;
				CODE_SIGN_STYLE = Automatic;
				CURRENT_PROJECT_VERSION = 1;
				GENERATE_INFOPLIST_FILE = YES;
				INFOPLIST_FILE = GameApp/Info.plist;
				INFOPLIST_KEY_UIApplicationSupportsIndirectInputEvents = YES;
				INFOPLIST_KEY_UILaunchStoryboardName = LaunchScreen;
				INFOPLIST_KEY_UIMainStoryboardFile = Main;
				INFOPLIST_KEY_UISupportedInterfaceOrientations_iPad = "UIInterfaceOrientationPortrait UIInterfaceOrientationPortraitUpsideDown UIInterfaceOrientationLandscapeLeft UIInterfaceOrientationLandscapeRight";
				INFOPLIST_KEY_UISupportedInterfaceOrientations_iPhone = "UIInterfaceOrientationPortrait UIInterfaceOrientationLandscapeLeft UIInterfaceOrientationLandscapeRight";
				LD_RUNPATH_SEARCH_PATHS = (
					"$(inherited)",
					"@executable_path/Frameworks",
				);
				MARKETING_VERSION = 1.0;
				PRODUCT_BUNDLE_IDENTIFIER = com.brainx.GameApp;
				PRODUCT_NAME = "$(TARGET_NAME)";
				SWIFT_EMIT_LOC_STRINGS = YES;
				SWIFT_VERSION = 5.0;
				TARGETED_DEVICE_FAMILY = "1,2";
			};
			name = Release;
		};
/* End XCBuildConfiguration section */

/* Begin XCConfigurationList section */
		D9F62DE32849342B00F2732D /* Build configuration list for PBXProject "GameApp" */ = {
			isa = XCConfigurationList;
			buildConfigurations = (
				D9F62DFA2849342D00F2732D /* Debug */,
				D9F62DFB2849342D00F2732D /* Release */,
			);
			defaultConfigurationIsVisible = 0;
			defaultConfigurationName = Release;
		};
		D9F62DFC2849342D00F2732D /* Build configuration list for PBXNativeTarget "GameApp" */ = {
			isa = XCConfigurationList;
			buildConfigurations = (
				D9F62DFD2849342D00F2732D /* Debug */,
				D9F62DFE2849342D00F2732D /* Release */,
			);
			defaultConfigurationIsVisible = 0;
			defaultConfigurationName = Release;
		};
/* End XCConfigurationList section */
	};
	rootObject = D9F62DE02849342B00F2732D /* Project object */;
}
